
Microsoft Visual Studio Solution File, Format Version 11.00
# Visual Studio 2010
Project("{888888A0-9F3D-457C-B088-3A5042F75D52}") = "PyLICS", "PyLICS\PyLICS.pyproj", "{8B98390C-929C-4165-A6DC-3D2970135D0E}"
EndProject
Global
	GlobalSection(SolutionConfigurationPlatforms) = preSolution
		Debug|Any CPU = Debug|Any CPU
		pyC|Any CPU = pyC|Any CPU
		Release|Any CPU = Release|Any CPU
	EndGlobalSection
	GlobalSection(ProjectConfigurationPlatforms) = postSolution
		{8B98390C-929C-4165-A6DC-3D2970135D0E}.Debug|Any CPU.ActiveCfg = Debug|Any CPU
		{8B98390C-929C-4165-A6DC-3D2970135D0E}.Debug|Any CPU.Build.0 = Debug|Any CPU
		{8B98390C-929C-4165-A6DC-3D2970135D0E}.pyC|Any CPU.ActiveCfg = pyC|Any CPU
		{8B98390C-929C-4165-A6DC-3D2970135D0E}.pyC|Any CPU.Build.0 = pyC|Any CPU
		{8B98390C-929C-4165-A6DC-3D2970135D0E}.Release|Any CPU.ActiveCfg = Debug|Any CPU
		{8B98390C-929C-4165-A6DC-3D2970135D0E}.Release|Any CPU.Build.0 = Debug|Any CPU
	EndGlobalSection
	GlobalSection(SolutionProperties) = preSolution
		HideSolutionNode = FALSE
	EndGlobalSection
EndGlobal
